
Microsoft Visual Studio Solution File, Format Version 12.00
# Visual Studio Version 16
VisualStudioVersion = 16.0.30907.101
MinimumVisualStudioVersion = 10.0.40219.1
Project("{FAE04EC0-301F-11D3-BF4B-00C04F79EFBC}") = "DataAccess", "DataAccess\DataAccess.csproj", "{EA4EFBA4-5967-4708-AF3B-CBDBE4FE71F2}"
EndProject
Project("{FAE04EC0-301F-11D3-BF4B-00C04F79EFBC}") = "Business", "Business\Business.csproj", "{9890EE49-9E71-47CE-8FA9-B1BD0DE221B0}"
EndProject
Project("{FAE04EC0-301F-11D3-BF4B-00C04F79EFBC}") = "Entities", "Entities\Entities.csproj", "{CE3D9D49-482B-46A9-87B8-AC44BCA25DC2}"
EndProject
Project("{FAE04EC0-301F-11D3-BF4B-00C04F79EFBC}") = "ConsoleUI", "ConsoleUI\ConsoleUI.csproj", "{5A83FEAD-3CB9-40ED-AEEE-ED118AAB85C5}"
EndProject
Global
	GlobalSection(SolutionConfigurationPlatforms) = preSolution
		Debug|Any CPU = Debug|Any CPU
		Release|Any CPU = Release|Any CPU
	EndGlobalSection
	GlobalSection(ProjectConfigurationPlatforms) = postSolution
		{EA4EFBA4-5967-4708-AF3B-CBDBE4FE71F2}.Debug|Any CPU.ActiveCfg = Debug|Any CPU
		{EA4EFBA4-5967-4708-AF3B-CBDBE4FE71F2}.Debug|Any CPU.Build.0 = Debug|Any CPU
		{EA4EFBA4-5967-4708-AF3B-CBDBE4FE71F2}.Release|Any CPU.ActiveCfg = Release|Any CPU
		{EA4EFBA4-5967-4708-AF3B-CBDBE4FE71F2}.Release|Any CPU.Build.0 = Release|Any CPU
		{9890EE49-9E71-47CE-8FA9-B1BD0DE221B0}.Debug|Any CPU.ActiveCfg = Debug|Any CPU
		{9890EE49-9E71-47CE-8FA9-B1BD0DE221B0}.Debug|Any CPU.Build.0 = Debug|Any CPU
		{9890EE49-9E71-47CE-8FA9-B1BD0DE221B0}.Release|Any CPU.ActiveCfg = Release|Any CPU
		{9890EE49-9E71-47CE-8FA9-B1BD0DE221B0}.Release|Any CPU.Build.0 = Release|Any CPU
		{CE3D9D49-482B-46A9-87B8-AC44BCA25DC2}.Debug|Any CPU.ActiveCfg = Debug|Any CPU
		{CE3D9D49-482B-46A9-87B8-AC44BCA25DC2}.Debug|Any CPU.Build.0 = Debug|Any CPU
		{CE3D9D49-482B-46A9-87B8-AC44BCA25DC2}.Release|Any CPU.ActiveCfg = Release|Any CPU
		{CE3D9D49-482B-46A9-87B8-AC44BCA25DC2}.Release|Any CPU.Build.0 = Release|Any CPU
		{5A83FEAD-3CB9-40ED-AEEE-ED118AAB85C5}.Debug|Any CPU.ActiveCfg = Debug|Any CPU
		{5A83FEAD-3CB9-40ED-AEEE-ED118AAB85C5}.Debug|Any CPU.Build.0 = Debug|Any CPU
		{5A83FEAD-3CB9-40ED-AEEE-ED118AAB85C5}.Release|Any CPU.ActiveCfg = Release|Any CPU
		{5A83FEAD-3CB9-40ED-AEEE-ED118AAB85C5}.Release|Any CPU.Build.0 = Release|Any CPU
	EndGlobalSection
	GlobalSection(SolutionProperties) = preSolution
		HideSolutionNode = FALSE
	EndGlobalSection
	GlobalSection(ExtensibilityGlobals) = postSolution
		SolutionGuid = {67DC5EF4-13F8-480F-B07D-0231F085828E}
	EndGlobalSection
EndGlobal
